
Microsoft Visual Studio Solution File, Format Version 12.00
# Visual Studio Version 17
VisualStudioVersion = 17.2.32516.85
MinimumVisualStudioVersion = 10.0.40219.1
Project("{FAE04EC0-301F-11D3-BF4B-00C04F79EFBC}") = "Class_Object", "Class_Object\Class_Object.csproj", "{C0186F4D-BCB7-40B5-850E-D11BA38FD791}"
EndProject
Global
	GlobalSection(SolutionConfigurationPlatforms) = preSolution
		Debug|Any CPU = Debug|Any CPU
		Release|Any CPU = Release|Any CPU
	EndGlobalSection
	GlobalSection(ProjectConfigurationPlatforms) = postSolution
		{C0186F4D-BCB7-40B5-850E-D11BA38FD791}.Debug|Any CPU.ActiveCfg = Debug|Any CPU
		{C0186F4D-BCB7-40B5-850E-D11BA38FD791}.Debug|Any CPU.Build.0 = Debug|Any CPU
		{C0186F4D-BCB7-40B5-850E-D11BA38FD791}.Release|Any CPU.ActiveCfg = Release|Any CPU
		{C0186F4D-BCB7-40B5-850E-D11BA38FD791}.Release|Any CPU.Build.0 = Release|Any CPU
	EndGlobalSection
	GlobalSection(SolutionProperties) = preSolution
		HideSolutionNode = FALSE
	EndGlobalSection
	GlobalSection(ExtensibilityGlobals) = postSolution
		SolutionGuid = {9CD650BB-D348-4DED-9695-D90E75E07336}
	EndGlobalSection
EndGlobal
